
Microsoft Visual Studio Solution File, Format Version 12.00
# Visual Studio 2013
VisualStudioVersion = 12.0.30501.0
MinimumVisualStudioVersion = 10.0.40219.1
Project("{FAE04EC0-301F-11D3-BF4B-00C04F79EFBC}") = "Angular.SecureStarter", "Angular.SecureStarter\Angular.SecureStarter.csproj", "{122C26AC-B8E9-44D1-8DA0-EB7F46DF2068}"
EndProject
Project("{FAE04EC0-301F-11D3-BF4B-00C04F79EFBC}") = "Angular.SecureStarter.Tests", "Angular.SecureStarter.Tests\Angular.SecureStarter.Tests.csproj", "{E99CEEED-A9A1-4A6F-9536-F96025CC288A}"
EndProject
Project("{2150E333-8FDC-42A3-9474-1A3956D46DE8}") = "PackageFiles", "PackageFiles", "{9E7D5209-E0E5-47DC-BF1C-F1C291C6E853}"
	ProjectSection(SolutionItems) = preProject
		Nuget\Angular.SecureStarter.1.0.nupkg = Nuget\Angular.SecureStarter.1.0.nupkg
		Nuget\CreateSecureKit.bat = Nuget\CreateSecureKit.bat
		Nuget\NuGet.Config = Nuget\NuGet.Config
		Nuget\NuGet.exe = Nuget\NuGet.exe
		Nuget\transformations.ps1 = Nuget\transformations.ps1
	EndProjectSection
EndProject
Project("{2150E333-8FDC-42A3-9474-1A3956D46DE8}") = "Solution Items", "Solution Items", "{8014CAD5-437E-4D15-AE31-55570C6F9D4E}"
	ProjectSection(SolutionItems) = preProject
		License.txt = License.txt
		readme.md = readme.md
	EndProjectSection
EndProject
Global
	GlobalSection(SolutionConfigurationPlatforms) = preSolution
		Debug|Any CPU = Debug|Any CPU
		Release|Any CPU = Release|Any CPU
	EndGlobalSection
	GlobalSection(ProjectConfigurationPlatforms) = postSolution
		{122C26AC-B8E9-44D1-8DA0-EB7F46DF2068}.Debug|Any CPU.ActiveCfg = Debug|Any CPU
		{122C26AC-B8E9-44D1-8DA0-EB7F46DF2068}.Debug|Any CPU.Build.0 = Debug|Any CPU
		{122C26AC-B8E9-44D1-8DA0-EB7F46DF2068}.Release|Any CPU.ActiveCfg = Release|Any CPU
		{122C26AC-B8E9-44D1-8DA0-EB7F46DF2068}.Release|Any CPU.Build.0 = Release|Any CPU
		{E99CEEED-A9A1-4A6F-9536-F96025CC288A}.Debug|Any CPU.ActiveCfg = Debug|Any CPU
		{E99CEEED-A9A1-4A6F-9536-F96025CC288A}.Debug|Any CPU.Build.0 = Debug|Any CPU
		{E99CEEED-A9A1-4A6F-9536-F96025CC288A}.Release|Any CPU.ActiveCfg = Release|Any CPU
		{E99CEEED-A9A1-4A6F-9536-F96025CC288A}.Release|Any CPU.Build.0 = Release|Any CPU
	EndGlobalSection
	GlobalSection(SolutionProperties) = preSolution
		HideSolutionNode = FALSE
	EndGlobalSection
EndGlobal
